
Microsoft Visual Studio Solution File, Format Version 12.00
# Visual Studio Version 17
VisualStudioVersion = 17.3.32929.385
MinimumVisualStudioVersion = 10.0.40219.1
Project("{FAE04EC0-301F-11D3-BF4B-00C04F79EFBC}") = "tp3", "tp3.csproj", "{81C0A60E-2C3A-419E-ABCC-287362840263}"
EndProject
Global
	GlobalSection(SolutionConfigurationPlatforms) = preSolution
		Debug|Any CPU = Debug|Any CPU
		Release|Any CPU = Release|Any CPU
	EndGlobalSection
	GlobalSection(ProjectConfigurationPlatforms) = postSolution
		{81C0A60E-2C3A-419E-ABCC-287362840263}.Debug|Any CPU.ActiveCfg = Debug|Any CPU
		{81C0A60E-2C3A-419E-ABCC-287362840263}.Debug|Any CPU.Build.0 = Debug|Any CPU
		{81C0A60E-2C3A-419E-ABCC-287362840263}.Release|Any CPU.ActiveCfg = Release|Any CPU
		{81C0A60E-2C3A-419E-ABCC-287362840263}.Release|Any CPU.Build.0 = Release|Any CPU
	EndGlobalSection
	GlobalSection(SolutionProperties) = preSolution
		HideSolutionNode = FALSE
	EndGlobalSection
	GlobalSection(ExtensibilityGlobals) = postSolution
		SolutionGuid = {D22BDFAF-FD7D-4BFB-AFF4-B6DF7B28598E}
	EndGlobalSection
EndGlobal
